// !$*UTF8*$!
{
	archiveVersion = 1;
	classes = {
	};
	objectVersion = 46;
	objects = {

/* Begin PBXBuildFile section */
		B7B9A35519C01F6C002A6207 /* Foundation.framework in Frameworks */ = {isa = PBXBuildFile; fileRef = B7B9A35419C01F6C002A6207 /* Foundation.framework */; };
		B7B9A35719C01F6C002A6207 /* CoreGraphics.framework in Frameworks */ = {isa = PBXBuildFile; fileRef = B7B9A35619C01F6C002A6207 /* CoreGraphics.framework */; };
		B7B9A35919C01F6C002A6207 /* UIKit.framework in Frameworks */ = {isa = PBXBuildFile; fileRef = B7B9A35819C01F6C002A6207 /* UIKit.framework */; };
		B7B9A35F19C01F6C002A6207 /* InfoPlist.strings in Resources */ = {isa = PBXBuildFile; fileRef = B7B9A35D19C01F6C002A6207 /* InfoPlist.strings */; };
		B7B9A36119C01F6C002A6207 /* main.m in Sources */ = {isa = PBXBuildFile; fileRef = B7B9A36019C01F6C002A6207 /* main.m */; };
		B7B9A36519C01F6C002A6207 /* AppDelegate.m in Sources */ = {isa = PBXBuildFile; fileRef = B7B9A36419C01F6C002A6207 /* AppDelegate.m */; };
		B7B9A36819C01F6C002A6207 /* Main_iPhone.storyboard in Resources */ = {isa = PBXBuildFile; fileRef = B7B9A36619C01F6C002A6207 /* Main_iPhone.storyboard */; };
		B7B9A36B19C01F6C002A6207 /* Main_iPad.storyboard in Resources */ = {isa = PBXBuildFile; fileRef = B7B9A36919C01F6C002A6207 /* Main_iPad.storyboard */; };
		B7B9A36E19C01F6C002A6207 /* ViewController.m in Sources */ = {isa = PBXBuildFile; fileRef = B7B9A36D19C01F6C002A6207 /* ViewController.m */; };
		B7B9A37019C01F6C002A6207 /* Images.xcassets in Resources */ = {isa = PBXBuildFile; fileRef = B7B9A36F19C01F6C002A6207 /* Images.xcassets */; };
		B7B9A37719C01F6C002A6207 /* XCTest.framework in Frameworks */ = {isa = PBXBuildFile; fileRef = B7B9A37619C01F6C002A6207 /* XCTest.framework */; };
		B7B9A37819C01F6C002A6207 /* Foundation.framework in Frameworks */ = {isa = PBXBuildFile; fileRef = B7B9A35419C01F6C002A6207 /* Foundation.framework */; };
		B7B9A37919C01F6C002A6207 /* UIKit.framework in Frameworks */ = {isa = PBXBuildFile; fileRef = B7B9A35819C01F6C002A6207 /* UIKit.framework */; };
		B7B9A38119C01F6C002A6207 /* InfoPlist.strings in Resources */ = {isa = PBXBuildFile; fileRef = B7B9A37F19C01F6C002A6207 /* InfoPlist.strings */; };
		B7B9A38319C01F6C002A6207 /* FooTests.m in Sources */ = {isa = PBXBuildFile; fileRef = B7B9A38219C01F6C002A6207 /* FooTests.m */; };
		B7B9A3A319C024E9002A6207 /* LuStepper.m in Sources */ = {isa = PBXBuildFile; fileRef = B7B9A3A219C024E9002A6207 /* LuStepper.m */; };
/* End PBXBuildFile section */

/* Begin PBXContainerItemProxy section */
		B7B9A37A19C01F6C002A6207 /* PBXContainerItemProxy */ = {
			isa = PBXContainerItemProxy;
			containerPortal = B7B9A34919C01F6C002A6207 /* Project object */;
			proxyType = 1;
			remoteGlobalIDString = B7B9A35019C01F6C002A6207;
			remoteInfo = Foo;
		};
/* End PBXContainerItemProxy section */

/* Begin PBXFileReference section */
		B7B9A35119C01F6C002A6207 /* LuStepper.app */ = {isa = PBXFileReference; explicitFileType = wrapper.application; includeInIndex = 0; path = LuStepper.app; sourceTree = BUILT_PRODUCTS_DIR; };
		B7B9A35419C01F6C002A6207 /* Foundation.framework */ = {isa = PBXFileReference; lastKnownFileType = wrapper.framework; name = Foundation.framework; path = System/Library/Frameworks/Foundation.framework; sourceTree = SDKROOT; };
		B7B9A35619C01F6C002A6207 /* CoreGraphics.framework */ = {isa = PBXFileReference; lastKnownFileType = wrapper.framework; name = CoreGraphics.framework; path = System/Library/Frameworks/CoreGraphics.framework; sourceTree = SDKROOT; };
		B7B9A35819C01F6C002A6207 /* UIKit.framework */ = {isa = PBXFileReference; lastKnownFileType = wrapper.framework; name = UIKit.framework; path = System/Library/Frameworks/UIKit.framework; sourceTree = SDKROOT; };
		B7B9A35C19C01F6C002A6207 /* LuStepper-Info.plist */ = {isa = PBXFileReference; lastKnownFileType = text.plist.xml; path = "LuStepper-Info.plist"; sourceTree = "<group>"; };
		B7B9A35E19C01F6C002A6207 /* en */ = {isa = PBXFileReference; lastKnownFileType = text.plist.strings; name = en; path = en.lproj/InfoPlist.strings; sourceTree = "<group>"; };
		B7B9A36019C01F6C002A6207 /* main.m */ = {isa = PBXFileReference; lastKnownFileType = sourcecode.c.objc; path = main.m; sourceTree = "<group>"; };
		B7B9A36219C01F6C002A6207 /* LuStepper-Prefix.pch */ = {isa = PBXFileReference; lastKnownFileType = sourcecode.c.h; path = "LuStepper-Prefix.pch"; sourceTree = "<group>"; };
		B7B9A36319C01F6C002A6207 /* AppDelegate.h */ = {isa = PBXFileReference; lastKnownFileType = sourcecode.c.h; path = AppDelegate.h; sourceTree = "<group>"; };
		B7B9A36419C01F6C002A6207 /* AppDelegate.m */ = {isa = PBXFileReference; lastKnownFileType = sourcecode.c.objc; path = AppDelegate.m; sourceTree = "<group>"; };
		B7B9A36719C01F6C002A6207 /* Base */ = {isa = PBXFileReference; lastKnownFileType = file.storyboard; name = Base; path = Base.lproj/Main_iPhone.storyboard; sourceTree = "<group>"; };
		B7B9A36A19C01F6C002A6207 /* Base */ = {isa = PBXFileReference; lastKnownFileType = file.storyboard; name = Base; path = Base.lproj/Main_iPad.storyboard; sourceTree = "<group>"; };
		B7B9A36C19C01F6C002A6207 /* ViewController.h */ = {isa = PBXFileReference; lastKnownFileType = sourcecode.c.h; path = ViewController.h; sourceTree = "<group>"; };
		B7B9A36D19C01F6C002A6207 /* ViewController.m */ = {isa = PBXFileReference; lastKnownFileType = sourcecode.c.objc; path = ViewController.m; sourceTree = "<group>"; };
		B7B9A36F19C01F6C002A6207 /* Images.xcassets */ = {isa = PBXFileReference; lastKnownFileType = folder.assetcatalog; path = Images.xcassets; sourceTree = "<group>"; };
		B7B9A37519C01F6C002A6207 /* LuStepperTests.xctest */ = {isa = PBXFileReference; explicitFileType = wrapper.cfbundle; includeInIndex = 0; path = LuStepperTests.xctest; sourceTree = BUILT_PRODUCTS_DIR; };
		B7B9A37619C01F6C002A6207 /* XCTest.framework */ = {isa = PBXFileReference; lastKnownFileType = wrapper.framework; name = XCTest.framework; path = Library/Frameworks/XCTest.framework; sourceTree = DEVELOPER_DIR; };
		B7B9A37E19C01F6C002A6207 /* LuStepperTests-Info.plist */ = {isa = PBXFileReference; lastKnownFileType = text.plist.xml; path = "LuStepperTests-Info.plist"; sourceTree = "<group>"; };
		B7B9A38019C01F6C002A6207 /* en */ = {isa = PBXFileReference; lastKnownFileType = text.plist.strings; name = en; path = en.lproj/InfoPlist.strings; sourceTree = "<group>"; };
		B7B9A38219C01F6C002A6207 /* FooTests.m */ = {isa = PBXFileReference; lastKnownFileType = sourcecode.c.objc; path = FooTests.m; sourceTree = "<group>"; };
		B7B9A3A119C024E9002A6207 /* LuStepper.h */ = {isa = PBXFileReference; fileEncoding = 4; lastKnownFileType = sourcecode.c.h; path = LuStepper.h; sourceTree = "<group>"; };
		B7B9A3A219C024E9002A6207 /* LuStepper.m */ = {isa = PBXFileReference; fileEncoding = 4; lastKnownFileType = sourcecode.c.objc; path = LuStepper.m; sourceTree = "<group>"; };
/* End PBXFileReference section */

/* Begin PBXFrameworksBuildPhase section */
		B7B9A34E19C01F6C002A6207 /* Frameworks */ = {
			isa = PBXFrameworksBuildPhase;
			buildActionMask = 2147483647;
			files = (
				B7B9A35719C01F6C002A6207 /* CoreGraphics.framework in Frameworks */,
				B7B9A35919C01F6C002A6207 /* UIKit.framework in Frameworks */,
				B7B9A35519C01F6C002A6207 /* Foundation.framework in Frameworks */,
			);
			runOnlyForDeploymentPostprocessing = 0;
		};
		B7B9A37219C01F6C002A6207 /* Frameworks */ = {
			isa = PBXFrameworksBuildPhase;
			buildActionMask = 2147483647;
			files = (
				B7B9A37719C01F6C002A6207 /* XCTest.framework in Frameworks */,
				B7B9A37919C01F6C002A6207 /* UIKit.framework in Frameworks */,
				B7B9A37819C01F6C002A6207 /* Foundation.framework in Frameworks */,
			);
			runOnlyForDeploymentPostprocessing = 0;
		};
/* End PBXFrameworksBuildPhase section */

/* Begin PBXGroup section */
		B7B9A34819C01F6C002A6207 = {
			isa = PBXGroup;
			children = (
				B7B9A35A19C01F6C002A6207 /* LuStepper */,
				B7B9A37C19C01F6C002A6207 /* LuStepperTests */,
				B7B9A35319C01F6C002A6207 /* Frameworks */,
				B7B9A35219C01F6C002A6207 /* Products */,
			);
			sourceTree = "<group>";
		};
		B7B9A35219C01F6C002A6207 /* Products */ = {
			isa = PBXGroup;
			children = (
				B7B9A35119C01F6C002A6207 /* LuStepper.app */,
				B7B9A37519C01F6C002A6207 /* LuStepperTests.xctest */,
			);
			name = Products;
			sourceTree = "<group>";
		};
		B7B9A35319C01F6C002A6207 /* Frameworks */ = {
			isa = PBXGroup;
			children = (
				B7B9A35419C01F6C002A6207 /* Foundation.framework */,
				B7B9A35619C01F6C002A6207 /* CoreGraphics.framework */,
				B7B9A35819C01F6C002A6207 /* UIKit.framework */,
				B7B9A37619C01F6C002A6207 /* XCTest.framework */,
			);
			name = Frameworks;
			sourceTree = "<group>";
		};
		B7B9A35A19C01F6C002A6207 /* LuStepper */ = {
			isa = PBXGroup;
			children = (
				B7B9A3A119C024E9002A6207 /* LuStepper.h */,
				B7B9A3A219C024E9002A6207 /* LuStepper.m */,
				B7B9A36319C01F6C002A6207 /* AppDelegate.h */,
				B7B9A36419C01F6C002A6207 /* AppDelegate.m */,
				B7B9A36F19C01F6C002A6207 /* Images.xcassets */,
				B7B9A36919C01F6C002A6207 /* Main_iPad.storyboard */,
				B7B9A36619C01F6C002A6207 /* Main_iPhone.storyboard */,
				B7B9A35B19C01F6C002A6207 /* Supporting Files */,
				B7B9A36C19C01F6C002A6207 /* ViewController.h */,
				B7B9A36D19C01F6C002A6207 /* ViewController.m */,
			);
			name = LuStepper;
			path = Foo;
			sourceTree = "<group>";
		};
		B7B9A35B19C01F6C002A6207 /* Supporting Files */ = {
			isa = PBXGroup;
			children = (
				B7B9A35C19C01F6C002A6207 /* LuStepper-Info.plist */,
				B7B9A35D19C01F6C002A6207 /* InfoPlist.strings */,
				B7B9A36019C01F6C002A6207 /* main.m */,
				B7B9A36219C01F6C002A6207 /* LuStepper-Prefix.pch */,
			);
			name = "Supporting Files";
			sourceTree = "<group>";
		};
		B7B9A37C19C01F6C002A6207 /* LuStepperTests */ = {
			isa = PBXGroup;
			children = (
				B7B9A38219C01F6C002A6207 /* FooTests.m */,
				B7B9A37D19C01F6C002A6207 /* Supporting Files */,
			);
			name = LuStepperTests;
			path = FooTests;
			sourceTree = "<group>";
		};
		B7B9A37D19C01F6C002A6207 /* Supporting Files */ = {
			isa = PBXGroup;
			children = (
				B7B9A37E19C01F6C002A6207 /* LuStepperTests-Info.plist */,
				B7B9A37F19C01F6C002A6207 /* InfoPlist.strings */,
			);
			name = "Supporting Files";
			sourceTree = "<group>";
		};
/* End PBXGroup section */

/* Begin PBXNativeTarget section */
		B7B9A35019C01F6C002A6207 /* LuStepper */ = {
			isa = PBXNativeTarget;
			buildConfigurationList = B7B9A38619C01F6C002A6207 /* Build configuration list for PBXNativeTarget "LuStepper" */;
			buildPhases = (
				B7B9A34D19C01F6C002A6207 /* Sources */,
				B7B9A34E19C01F6C002A6207 /* Frameworks */,
				B7B9A34F19C01F6C002A6207 /* Resources */,
			);
			buildRules = (
			);
			dependencies = (
			);
			name = LuStepper;
			productName = Foo;
			productReference = B7B9A35119C01F6C002A6207 /* LuStepper.app */;
			productType = "com.apple.product-type.application";
		};
		B7B9A37419C01F6C002A6207 /* LuStepperTests */ = {
			isa = PBXNativeTarget;
			buildConfigurationList = B7B9A38919C01F6C002A6207 /* Build configuration list for PBXNativeTarget "LuStepperTests" */;
			buildPhases = (
				B7B9A37119C01F6C002A6207 /* Sources */,
				B7B9A37219C01F6C002A6207 /* Frameworks */,
				B7B9A37319C01F6C002A6207 /* Resources */,
			);
			buildRules = (
			);
			dependencies = (
				B7B9A37B19C01F6C002A6207 /* PBXTargetDependency */,
			);
			name = LuStepperTests;
			productName = FooTests;
			productReference = B7B9A37519C01F6C002A6207 /* LuStepperTests.xctest */;
			productType = "com.apple.product-type.bundle.unit-test";
		};
/* End PBXNativeTarget section */

/* Begin PBXProject section */
		B7B9A34919C01F6C002A6207 /* Project object */ = {
			isa = PBXProject;
			attributes = {
				LastUpgradeCheck = 0510;
				ORGANIZATIONNAME = Duobao;
				TargetAttributes = {
					B7B9A37419C01F6C002A6207 = {
						TestTargetID = B7B9A35019C01F6C002A6207;
					};
				};
			};
			buildConfigurationList = B7B9A34C19C01F6C002A6207 /* Build configuration list for PBXProject "LuStepper" */;
			compatibilityVersion = "Xcode 3.2";
			developmentRegion = English;
			hasScannedForEncodings = 0;
			knownRegions = (
				en,
				Base,
			);
			mainGroup = B7B9A34819C01F6C002A6207;
			productRefGroup = B7B9A35219C01F6C002A6207 /* Products */;
			projectDirPath = "";
			projectRoot = "";
			targets = (
				B7B9A35019C01F6C002A6207 /* LuStepper */,
				B7B9A37419C01F6C002A6207 /* LuStepperTests */,
			);
		};
/* End PBXProject section */

/* Begin PBXResourcesBuildPhase section */
		B7B9A34F19C01F6C002A6207 /* Resources */ = {
			isa = PBXResourcesBuildPhase;
			buildActionMask = 2147483647;
			files = (
				B7B9A36B19C01F6C002A6207 /* Main_iPad.storyboard in Resources */,
				B7B9A37019C01F6C002A6207 /* Images.xcassets in Resources */,
				B7B9A36819C01F6C002A6207 /* Main_iPhone.storyboard in Resources */,
				B7B9A35F19C01F6C002A6207 /* InfoPlist.strings in Resources */,
			);
			runOnlyForDeploymentPostprocessing = 0;
		};
		B7B9A37319C01F6C002A6207 /* Resources */ = {
			isa = PBXResourcesBuildPhase;
			buildActionMask = 2147483647;
			files = (
				B7B9A38119C01F6C002A6207 /* InfoPlist.strings in Resources */,
			);
			runOnlyForDeploymentPostprocessing = 0;
		};
/* End PBXResourcesBuildPhase section */

/* Begin PBXSourcesBuildPhase section */
		B7B9A34D19C01F6C002A6207 /* Sources */ = {
			isa = PBXSourcesBuildPhase;
			buildActionMask = 2147483647;
			files = (
				B7B9A36E19C01F6C002A6207 /* ViewController.m in Sources */,
				B7B9A36519C01F6C002A6207 /* AppDelegate.m in Sources */,
				B7B9A36119C01F6C002A6207 /* main.m in Sources */,
				B7B9A3A319C024E9002A6207 /* LuStepper.m in Sources */,
			);
			runOnlyForDeploymentPostprocessing = 0;
		};
		B7B9A37119C01F6C002A6207 /* Sources */ = {
			isa = PBXSourcesBuildPhase;
			buildActionMask = 2147483647;
			files = (
				B7B9A38319C01F6C002A6207 /* FooTests.m in Sources */,
			);
			runOnlyForDeploymentPostprocessing = 0;
		};
/* End PBXSourcesBuildPhase section */

/* Begin PBXTargetDependency section */
		B7B9A37B19C01F6C002A6207 /* PBXTargetDependency */ = {
			isa = PBXTargetDependency;
			target = B7B9A35019C01F6C002A6207 /* LuStepper */;
			targetProxy = B7B9A37A19C01F6C002A6207 /* PBXContainerItemProxy */;
		};
/* End PBXTargetDependency section */

/* Begin PBXVariantGroup section */
		B7B9A35D19C01F6C002A6207 /* InfoPlist.strings */ = {
			isa = PBXVariantGroup;
			children = (
				B7B9A35E19C01F6C002A6207 /* en */,
			);
			name = InfoPlist.strings;
			sourceTree = "<group>";
		};
		B7B9A36619C01F6C002A6207 /* Main_iPhone.storyboard */ = {
			isa = PBXVariantGroup;
			children = (
				B7B9A36719C01F6C002A6207 /* Base */,
			);
			name = Main_iPhone.storyboard;
			sourceTree = "<group>";
		};
		B7B9A36919C01F6C002A6207 /* Main_iPad.storyboard */ = {
			isa = PBXVariantGroup;
			children = (
				B7B9A36A19C01F6C002A6207 /* Base */,
			);
			name = Main_iPad.storyboard;
			sourceTree = "<group>";
		};
		B7B9A37F19C01F6C002A6207 /* InfoPlist.strings */ = {
			isa = PBXVariantGroup;
			children = (
				B7B9A38019C01F6C002A6207 /* en */,
			);
			name = InfoPlist.strings;
			sourceTree = "<group>";
		};
/* End PBXVariantGroup section */

/* Begin XCBuildConfiguration section */
		B7B9A38419C01F6C002A6207 /* Debug */ = {
			isa = XCBuildConfiguration;
			buildSettings = {
				ALWAYS_SEARCH_USER_PATHS = NO;
				CLANG_CXX_LANGUAGE_STANDARD = "gnu++0x";
				CLANG_CXX_LIBRARY = "libc++";
				CLANG_ENABLE_MODULES = YES;
				CLANG_ENABLE_OBJC_ARC = YES;
				CLANG_WARN_BOOL_CONVERSION = YES;
				CLANG_WARN_CONSTANT_CONVERSION = YES;
				CLANG_WARN_DIRECT_OBJC_ISA_USAGE = YES_ERROR;
				CLANG_WARN_EMPTY_BODY = YES;
				CLANG_WARN_ENUM_CONVERSION = YES;
				CLANG_WARN_INT_CONVERSION = YES;
				CLANG_WARN_OBJC_ROOT_CLASS = YES_ERROR;
				CLANG_WARN__DUPLICATE_METHOD_MATCH = YES;
				"CODE_SIGN_IDENTITY[sdk=iphoneos*]" = "iPhone Developer";
				COPY_PHASE_STRIP = NO;
				GCC_C_LANGUAGE_STANDARD = gnu99;
				GCC_DYNAMIC_NO_PIC = NO;
				GCC_OPTIMIZATION_LEVEL = 0;
				GCC_PREPROCESSOR_DEFINITIONS = (
					"DEBUG=1",
					"$(inherited)",
				);
				GCC_SYMBOLS_PRIVATE_EXTERN = NO;
				GCC_WARN_64_TO_32_BIT_CONVERSION = YES;
				GCC_WARN_ABOUT_RETURN_TYPE = YES_ERROR;
				GCC_WARN_UNDECLARED_SELECTOR = YES;
				GCC_WARN_UNINITIALIZED_AUTOS = YES_AGGRESSIVE;
				GCC_WARN_UNUSED_FUNCTION = YES;
				GCC_WARN_UNUSED_VARIABLE = YES;
				IPHONEOS_DEPLOYMENT_TARGET = 7.1;
				ONLY_ACTIVE_ARCH = YES;
				SDKROOT = iphoneos;
				TARGETED_DEVICE_FAMILY = "1,2";
			};
			name = Debug;
		};
		B7B9A38519C01F6C002A6207 /* Release */ = {
			isa = XCBuildConfiguration;
			buildSettings = {
				ALWAYS_SEARCH_USER_PATHS = NO;
				CLANG_CXX_LANGUAGE_STANDARD = "gnu++0x";
				CLANG_CXX_LIBRARY = "libc++";
				CLANG_ENABLE_MODULES = YES;
				CLANG_ENABLE_OBJC_ARC = YES;
				CLANG_WARN_BOOL_CONVERSION = YES;
				CLANG_WARN_CONSTANT_CONVERSION = YES;
				CLANG_WARN_DIRECT_OBJC_ISA_USAGE = YES_ERROR;
				CLANG_WARN_EMPTY_BODY = YES;
				CLANG_WARN_ENUM_CONVERSION = YES;
				CLANG_WARN_INT_CONVERSION = YES;
				CLANG_WARN_OBJC_ROOT_CLASS = YES_ERROR;
				CLANG_WARN__DUPLICATE_METHOD_MATCH = YES;
				"CODE_SIGN_IDENTITY[sdk=iphoneos*]" = "iPhone Developer";
				COPY_PHASE_STRIP = YES;
				ENABLE_NS_ASSERTIONS = NO;
				GCC_C_LANGUAGE_STANDARD = gnu99;
				GCC_WARN_64_TO_32_BIT_CONVERSION = YES;
				GCC_WARN_ABOUT_RETURN_TYPE = YES_ERROR;
				GCC_WARN_UNDECLARED_SELECTOR = YES;
				GCC_WARN_UNINITIALIZED_AUTOS = YES_AGGRESSIVE;
				GCC_WARN_UNUSED_FUNCTION = YES;
				GCC_WARN_UNUSED_VARIABLE = YES;
				IPHONEOS_DEPLOYMENT_TARGET = 7.1;
				SDKROOT = iphoneos;
				TARGETED_DEVICE_FAMILY = "1,2";
				VALIDATE_PRODUCT = YES;
			};
			name = Release;
		};
		B7B9A38719C01F6C002A6207 /* Debug */ = {
			isa = XCBuildConfiguration;
			buildSettings = {
				ASSETCATALOG_COMPILER_APPICON_NAME = AppIcon;
				ASSETCATALOG_COMPILER_LAUNCHIMAGE_NAME = LaunchImage;
				GCC_PRECOMPILE_PREFIX_HEADER = YES;
				GCC_PREFIX_HEADER = "Foo/LuStepper-Prefix.pch";
				INFOPLIST_FILE = "Foo/LuStepper-Info.plist";
				PRODUCT_NAME = LuStepper;
				WRAPPER_EXTENSION = app;
			};
			name = Debug;
		};
		B7B9A38819C01F6C002A6207 /* Release */ = {
			isa = XCBuildConfiguration;
			buildSettings = {
				ASSETCATALOG_COMPILER_APPICON_NAME = AppIcon;
				ASSETCATALOG_COMPILER_LAUNCHIMAGE_NAME = LaunchImage;
				GCC_PRECOMPILE_PREFIX_HEADER = YES;
				GCC_PREFIX_HEADER = "Foo/LuStepper-Prefix.pch";
				INFOPLIST_FILE = "Foo/LuStepper-Info.plist";
				PRODUCT_NAME = LuStepper;
				WRAPPER_EXTENSION = app;
			};
			name = Release;
		};
		B7B9A38A19C01F6C002A6207 /* Debug */ = {
			isa = XCBuildConfiguration;
			buildSettings = {
				BUNDLE_LOADER = "$(BUILT_PRODUCTS_DIR)/Foo.app/Foo";
				FRAMEWORK_SEARCH_PATHS = (
					"$(SDKROOT)/Developer/Library/Frameworks",
					"$(inherited)",
					"$(DEVELOPER_FRAMEWORKS_DIR)",
				);
				GCC_PRECOMPILE_PREFIX_HEADER = YES;
				GCC_PREFIX_HEADER = "Foo/Foo-Prefix.pch";
				GCC_PREPROCESSOR_DEFINITIONS = (
					"DEBUG=1",
					"$(inherited)",
				);
				INFOPLIST_FILE = "FooTests/LuStepperTests-Info.plist";
				PRODUCT_NAME = LuStepperTests;
				TEST_HOST = "$(BUNDLE_LOADER)";
				WRAPPER_EXTENSION = xctest;
			};
			name = Debug;
		};
		B7B9A38B19C01F6C002A6207 /* Release */ = {
			isa = XCBuildConfiguration;
			buildSettings = {
				BUNDLE_LOADER = "$(BUILT_PRODUCTS_DIR)/Foo.app/Foo";
				FRAMEWORK_SEARCH_PATHS = (
					"$(SDKROOT)/Developer/Library/Frameworks",
					"$(inherited)",
					"$(DEVELOPER_FRAMEWORKS_DIR)",
				);
				GCC_PRECOMPILE_PREFIX_HEADER = YES;
				GCC_PREFIX_HEADER = "Foo/Foo-Prefix.pch";
				INFOPLIST_FILE = "FooTests/LuStepperTests-Info.plist";
				PRODUCT_NAME = LuStepperTests;
				TEST_HOST = "$(BUNDLE_LOADER)";
				WRAPPER_EXTENSION = xctest;
			};
			name = Release;
		};
/* End XCBuildConfiguration section */

/* Begin XCConfigurationList section */
		B7B9A34C19C01F6C002A6207 /* Build configuration list for PBXProject "LuStepper" */ = {
			isa = XCConfigurationList;
			buildConfigurations = (
				B7B9A38419C01F6C002A6207 /* Debug */,
				B7B9A38519C01F6C002A6207 /* Release */,
			);
			defaultConfigurationIsVisible = 0;
			defaultConfigurationName = Release;
		};
		B7B9A38619C01F6C002A6207 /* Build configuration list for PBXNativeTarget "LuStepper" */ = {
			isa = XCConfigurationList;
			buildConfigurations = (
				B7B9A38719C01F6C002A6207 /* Debug */,
				B7B9A38819C01F6C002A6207 /* Release */,
			);
			defaultConfigurationIsVisible = 0;
			defaultConfigurationName = Release;
		};
		B7B9A38919C01F6C002A6207 /* Build configuration list for PBXNativeTarget "LuStepperTests" */ = {
			isa = XCConfigurationList;
			buildConfigurations = (
				B7B9A38A19C01F6C002A6207 /* Debug */,
				B7B9A38B19C01F6C002A6207 /* Release */,
			);
			defaultConfigurationIsVisible = 0;
			defaultConfigurationName = Release;
		};
/* End XCConfigurationList section */
	};
	rootObject = B7B9A34919C01F6C002A6207 /* Project object */;
}
